<?xml version="1.0" encoding="utf-8"?>
<Project ToolsVersion="4.0" xmlns="http://schemas.microsoft.com/developer/msbuild/2003">
  <ItemGroup>
    <ClInclude Include="Source\Core\CoreHeaders.h">
      <Filter>Source</Filter>
    </ClInclude>
    <ClInclude Include="Source\Framework.h">
      <Filter>Source</Filter>
    </ClInclude>
    <ClInclude Include="Source\Core\FWCore.h">
      <Filter>Source</Filter>
    </ClInclude>
    <ClInclude Include="Source\Core\FWWindows.h">
      <Filter>Source</Filter>
    </ClInclude>
    <ClInclude Include="Source\GL\glext.h">
      <Filter>Source</Filter>
    </ClInclude>
    <ClInclude Include="Source\GL\GLExtensions.h">
      <Filter>Source</Filter>
    </ClInclude>
    <ClInclude Include="Source\GL\MyGLContext.h">
      <Filter>Source</Filter>
    </ClInclude>
    <ClInclude Include="Source\GL\wglext.h">
      <Filter>Source</Filter>
    </ClInclude>
    <ClInclude Include="Source\GL\WGLExtensions.h">
      <Filter>Source</Filter>
    </ClInclude>
  </ItemGroup>
  <ItemGroup>
    <ClCompile Include="Source\Core\FWCore.cpp">
      <Filter>Source</Filter>
    </ClCompile>
    <ClCompile Include="Source\Core\FWWindows.cpp">
      <Filter>Source</Filter>
    </ClCompile>
    <ClCompile Include="Source\GL\GLExtensions.cpp">
      <Filter>Source</Filter>
    </ClCompile>
    <ClCompile Include="Source\GL\MyGLContext.cpp">
      <Filter>Source</Filter>
    </ClCompile>
    <ClCompile Include="Source\GL\WGLExtensions.cpp">
      <Filter>Source</Filter>
    </ClCompile>
  </ItemGroup>
  <ItemGroup>
    <Filter Include="Source">
      <UniqueIdentifier>{343237aa-2f4a-4582-a195-7d8bffa2e215}</UniqueIdentifier>
    </Filter>
  </ItemGroup>
</Project>